
Microsoft Visual Studio Solution File, Format Version 12.00
# Visual Studio 15
VisualStudioVersion = 15.0.26124.0
MinimumVisualStudioVersion = 15.0.26124.0
Project("{FAE04EC0-301F-11D3-BF4B-00C04F79EFBC}") = "server", "server\server.csproj", "{A2FA6F53-ADA9-4BBE-8500-0543D0D54E95}"
EndProject
Project("{FAE04EC0-301F-11D3-BF4B-00C04F79EFBC}") = "server.tests", "server.tests\server.tests.csproj", "{DEB11E8E-E2DE-4311-A97C-E1AFD24F22BD}"
EndProject
Project("{FAE04EC0-301F-11D3-BF4B-00C04F79EFBC}") = "parser", "parser\parser.csproj", "{A3819C23-7225-41CC-AB74-5CCB772B304A}"
EndProject
Global
	GlobalSection(SolutionConfigurationPlatforms) = preSolution
		Debug|Any CPU = Debug|Any CPU
		Debug|x64 = Debug|x64
		Debug|x86 = Debug|x86
		Release|Any CPU = Release|Any CPU
		Release|x64 = Release|x64
		Release|x86 = Release|x86
	EndGlobalSection
	GlobalSection(SolutionProperties) = preSolution
		HideSolutionNode = FALSE
	EndGlobalSection
	GlobalSection(ProjectConfigurationPlatforms) = postSolution
		{A2FA6F53-ADA9-4BBE-8500-0543D0D54E95}.Debug|Any CPU.ActiveCfg = Debug|Any CPU
		{A2FA6F53-ADA9-4BBE-8500-0543D0D54E95}.Debug|Any CPU.Build.0 = Debug|Any CPU
		{A2FA6F53-ADA9-4BBE-8500-0543D0D54E95}.Debug|x64.ActiveCfg = Debug|Any CPU
		{A2FA6F53-ADA9-4BBE-8500-0543D0D54E95}.Debug|x64.Build.0 = Debug|Any CPU
		{A2FA6F53-ADA9-4BBE-8500-0543D0D54E95}.Debug|x86.ActiveCfg = Debug|Any CPU
		{A2FA6F53-ADA9-4BBE-8500-0543D0D54E95}.Debug|x86.Build.0 = Debug|Any CPU
		{A2FA6F53-ADA9-4BBE-8500-0543D0D54E95}.Release|Any CPU.ActiveCfg = Release|Any CPU
		{A2FA6F53-ADA9-4BBE-8500-0543D0D54E95}.Release|Any CPU.Build.0 = Release|Any CPU
		{A2FA6F53-ADA9-4BBE-8500-0543D0D54E95}.Release|x64.ActiveCfg = Release|Any CPU
		{A2FA6F53-ADA9-4BBE-8500-0543D0D54E95}.Release|x64.Build.0 = Release|Any CPU
		{A2FA6F53-ADA9-4BBE-8500-0543D0D54E95}.Release|x86.ActiveCfg = Release|Any CPU
		{A2FA6F53-ADA9-4BBE-8500-0543D0D54E95}.Release|x86.Build.0 = Release|Any CPU
		{DEB11E8E-E2DE-4311-A97C-E1AFD24F22BD}.Debug|Any CPU.ActiveCfg = Debug|Any CPU
		{DEB11E8E-E2DE-4311-A97C-E1AFD24F22BD}.Debug|Any CPU.Build.0 = Debug|Any CPU
		{DEB11E8E-E2DE-4311-A97C-E1AFD24F22BD}.Debug|x64.ActiveCfg = Debug|Any CPU
		{DEB11E8E-E2DE-4311-A97C-E1AFD24F22BD}.Debug|x64.Build.0 = Debug|Any CPU
		{DEB11E8E-E2DE-4311-A97C-E1AFD24F22BD}.Debug|x86.ActiveCfg = Debug|Any CPU
		{DEB11E8E-E2DE-4311-A97C-E1AFD24F22BD}.Debug|x86.Build.0 = Debug|Any CPU
		{DEB11E8E-E2DE-4311-A97C-E1AFD24F22BD}.Release|Any CPU.ActiveCfg = Release|Any CPU
		{DEB11E8E-E2DE-4311-A97C-E1AFD24F22BD}.Release|Any CPU.Build.0 = Release|Any CPU
		{DEB11E8E-E2DE-4311-A97C-E1AFD24F22BD}.Release|x64.ActiveCfg = Release|Any CPU
		{DEB11E8E-E2DE-4311-A97C-E1AFD24F22BD}.Release|x64.Build.0 = Release|Any CPU
		{DEB11E8E-E2DE-4311-A97C-E1AFD24F22BD}.Release|x86.ActiveCfg = Release|Any CPU
		{DEB11E8E-E2DE-4311-A97C-E1AFD24F22BD}.Release|x86.Build.0 = Release|Any CPU
		{A3819C23-7225-41CC-AB74-5CCB772B304A}.Debug|Any CPU.ActiveCfg = Debug|Any CPU
		{A3819C23-7225-41CC-AB74-5CCB772B304A}.Debug|Any CPU.Build.0 = Debug|Any CPU
		{A3819C23-7225-41CC-AB74-5CCB772B304A}.Debug|x64.ActiveCfg = Debug|Any CPU
		{A3819C23-7225-41CC-AB74-5CCB772B304A}.Debug|x64.Build.0 = Debug|Any CPU
		{A3819C23-7225-41CC-AB74-5CCB772B304A}.Debug|x86.ActiveCfg = Debug|Any CPU
		{A3819C23-7225-41CC-AB74-5CCB772B304A}.Debug|x86.Build.0 = Debug|Any CPU
		{A3819C23-7225-41CC-AB74-5CCB772B304A}.Release|Any CPU.ActiveCfg = Release|Any CPU
		{A3819C23-7225-41CC-AB74-5CCB772B304A}.Release|Any CPU.Build.0 = Release|Any CPU
		{A3819C23-7225-41CC-AB74-5CCB772B304A}.Release|x64.ActiveCfg = Release|Any CPU
		{A3819C23-7225-41CC-AB74-5CCB772B304A}.Release|x64.Build.0 = Release|Any CPU
		{A3819C23-7225-41CC-AB74-5CCB772B304A}.Release|x86.ActiveCfg = Release|Any CPU
		{A3819C23-7225-41CC-AB74-5CCB772B304A}.Release|x86.Build.0 = Release|Any CPU
	EndGlobalSection
EndGlobal
